
Microsoft Visual Studio Solution File, Format Version 12.00
Project("{2150E333-8FDC-42A3-9474-1A3956D46DE8}") = "Shared", "Shared", "{6EF41A0D-4DC4-4B45-8CDB-01699CD8AA2C}"
EndProject
Project("{2150E333-8FDC-42A3-9474-1A3956D46DE8}") = "Src", "Src", "{5C4B27EE-81F6-4094-879B-A5206F747F5D}"
EndProject
Project("{FAE04EC0-301F-11D3-BF4B-00C04F79EFBC}") = "EShop.Shared", "EShop.Shared\EShop.Shared.csproj", "{CAA51C2A-6E88-42DB-B3F4-2980336E27B0}"
EndProject
Project("{2150E333-8FDC-42A3-9474-1A3956D46DE8}") = "Catalog.Service", "Catalog.Service", "{A78E3ED5-86AE-44F6-8334-AFBA3F81F069}"
EndProject
Project("{2150E333-8FDC-42A3-9474-1A3956D46DE8}") = "Basket.Service", "Basket.Service", "{EE53232C-F7C0-4B0C-BBB2-3438B6A0BD80}"
EndProject
Project("{2150E333-8FDC-42A3-9474-1A3956D46DE8}") = "Order.Service", "Order.Service", "{21CA31A2-6750-4D68-BE6F-8AE513E7270D}"
EndProject
Project("{2150E333-8FDC-42A3-9474-1A3956D46DE8}") = "Payment.Service", "Payment.Service", "{291FB4C4-5DF1-4848-A169-08F3F60074BA}"
EndProject
Project("{2150E333-8FDC-42A3-9474-1A3956D46DE8}") = "Core", "Core", "{E2EE95B1-FFD2-4A0F-AF12-D76AB83339FF}"
EndProject
Project("{FAE04EC0-301F-11D3-BF4B-00C04F79EFBC}") = "Catalog.Domain", "Catalog.Domain\Catalog.Domain.csproj", "{458160FF-9340-4650-8881-91F62C2EF55D}"
EndProject
Project("{FAE04EC0-301F-11D3-BF4B-00C04F79EFBC}") = "Catalog.Application", "Catalog.Application\Catalog.Application.csproj", "{9980F0EB-B70E-4229-A56F-E1423942207E}"
EndProject
Project("{2150E333-8FDC-42A3-9474-1A3956D46DE8}") = "Infrastructure", "Infrastructure", "{55B7F1C3-3F55-47BE-8215-9A112457E62F}"
EndProject
Project("{2150E333-8FDC-42A3-9474-1A3956D46DE8}") = "Presentation", "Presentation", "{B9A85871-29EF-4DC9-ACBB-BDD1F46A43DF}"
EndProject
Project("{2150E333-8FDC-42A3-9474-1A3956D46DE8}") = "Core", "Core", "{F52BD86F-024C-494A-A8B5-EC22031B2523}"
EndProject
Project("{2150E333-8FDC-42A3-9474-1A3956D46DE8}") = "Infrastructure", "Infrastructure", "{358C7B7C-804B-485A-8306-1DD2EE4527BD}"
EndProject
Project("{2150E333-8FDC-42A3-9474-1A3956D46DE8}") = "Presentation", "Presentation", "{F7A2A4A6-7A52-4E70-A494-B892513DB703}"
EndProject
Project("{2150E333-8FDC-42A3-9474-1A3956D46DE8}") = "Presentation", "Presentation", "{94CE5222-474E-4ED5-936B-2FFE6380E1D7}"
EndProject
Project("{FAE04EC0-301F-11D3-BF4B-00C04F79EFBC}") = "Catalog.Persistence", "Catalog.Persistence\Catalog.Persistence.csproj", "{F5702693-C32F-4FB3-8083-0D5F54427BEE}"
EndProject
Project("{FAE04EC0-301F-11D3-BF4B-00C04F79EFBC}") = "Catalog.Infrastructure", "Catalog.Infrastructure\Catalog.Infrastructure.csproj", "{E776C4EF-BCA6-42A5-92AB-7650515387E7}"
EndProject
Project("{FAE04EC0-301F-11D3-BF4B-00C04F79EFBC}") = "Catalog.Apii", "Catalog.Apii\Catalog.Apii.csproj", "{D4D04F3A-5E9B-4F23-8F1F-F67FDE39240B}"
EndProject
Project("{FAE04EC0-301F-11D3-BF4B-00C04F79EFBC}") = "Basket.Domain", "Basket.Domain\Basket.Domain.csproj", "{DC104D39-0CA8-4C6B-A40A-C7402C4DA77F}"
EndProject
Project("{FAE04EC0-301F-11D3-BF4B-00C04F79EFBC}") = "Basket.Application", "Basket.Application\Basket.Application.csproj", "{6876846A-6C5F-4982-8D94-DA10FC6006DD}"
EndProject
Project("{FAE04EC0-301F-11D3-BF4B-00C04F79EFBC}") = "Basket.Infrastructure", "Basket.Infrastructure\Basket.Infrastructure.csproj", "{F2332B56-16CC-44F3-AC6E-DFEF8099476A}"
EndProject
Project("{FAE04EC0-301F-11D3-BF4B-00C04F79EFBC}") = "Basket.Persistence", "Basket.Persistence\Basket.Persistence.csproj", "{337F7E8D-3EBF-49BF-8229-000C1E357665}"
EndProject
Project("{FAE04EC0-301F-11D3-BF4B-00C04F79EFBC}") = "Basket.Api", "Basket.Api\Basket.Api.csproj", "{67A3CE73-C264-4780-A6FB-5EECB6257AEB}"
EndProject
Project("{2150E333-8FDC-42A3-9474-1A3956D46DE8}") = "Solution Items", "Solution Items", "{42F9B3B4-2F3B-455C-AAC5-5F2A36478273}"
	ProjectSection(SolutionItems) = preProject
		compose.yaml = compose.yaml
	EndProjectSection
EndProject
Project("{FAE04EC0-301F-11D3-BF4B-00C04F79EFBC}") = "Order.Domain", "Order.Domain\Order.Domain.csproj", "{3B0ED081-8BFB-4A55-8463-651C84326CF5}"
EndProject
Project("{FAE04EC0-301F-11D3-BF4B-00C04F79EFBC}") = "Order.Domain.Core", "Order.Domain.Core\Order.Domain.Core.csproj", "{935ACFC0-100C-4F00-BB24-80A7E11EC150}"
EndProject
Project("{FAE04EC0-301F-11D3-BF4B-00C04F79EFBC}") = "Order.Application", "Order.Application\Order.Application.csproj", "{1F0F2D34-9A0E-46F6-9D8E-1E185E30044D}"
EndProject
Project("{FAE04EC0-301F-11D3-BF4B-00C04F79EFBC}") = "Order.Infrastructure", "Order.Infrastructure\Order.Infrastructure.csproj", "{6A88D6CA-E015-49ED-B60A-C06C19D049BB}"
EndProject
Project("{FAE04EC0-301F-11D3-BF4B-00C04F79EFBC}") = "Order.Api", "Order.Api\Order.Api.csproj", "{9E684DD1-2B6D-40A9-9369-4F29C40231B3}"
EndProject
Project("{FAE04EC0-301F-11D3-BF4B-00C04F79EFBC}") = "Payment.Api", "Payment.Api\Payment.Api.csproj", "{156253BD-AF09-440C-B942-595582D8A591}"
EndProject
Project("{FAE04EC0-301F-11D3-BF4B-00C04F79EFBC}") = "Payment.Application", "Payment.Application\Payment.Application.csproj", "{E2E51445-C527-4C9E-A231-DFFFD7249FC9}"
EndProject
Global
	GlobalSection(SolutionConfigurationPlatforms) = preSolution
		Debug|Any CPU = Debug|Any CPU
		Release|Any CPU = Release|Any CPU
	EndGlobalSection
	GlobalSection(NestedProjects) = preSolution
		{CAA51C2A-6E88-42DB-B3F4-2980336E27B0} = {6EF41A0D-4DC4-4B45-8CDB-01699CD8AA2C}
		{A78E3ED5-86AE-44F6-8334-AFBA3F81F069} = {5C4B27EE-81F6-4094-879B-A5206F747F5D}
		{EE53232C-F7C0-4B0C-BBB2-3438B6A0BD80} = {5C4B27EE-81F6-4094-879B-A5206F747F5D}
		{21CA31A2-6750-4D68-BE6F-8AE513E7270D} = {5C4B27EE-81F6-4094-879B-A5206F747F5D}
		{291FB4C4-5DF1-4848-A169-08F3F60074BA} = {5C4B27EE-81F6-4094-879B-A5206F747F5D}
		{E2EE95B1-FFD2-4A0F-AF12-D76AB83339FF} = {A78E3ED5-86AE-44F6-8334-AFBA3F81F069}
		{458160FF-9340-4650-8881-91F62C2EF55D} = {E2EE95B1-FFD2-4A0F-AF12-D76AB83339FF}
		{9980F0EB-B70E-4229-A56F-E1423942207E} = {E2EE95B1-FFD2-4A0F-AF12-D76AB83339FF}
		{55B7F1C3-3F55-47BE-8215-9A112457E62F} = {A78E3ED5-86AE-44F6-8334-AFBA3F81F069}
		{B9A85871-29EF-4DC9-ACBB-BDD1F46A43DF} = {A78E3ED5-86AE-44F6-8334-AFBA3F81F069}
		{F52BD86F-024C-494A-A8B5-EC22031B2523} = {EE53232C-F7C0-4B0C-BBB2-3438B6A0BD80}
		{358C7B7C-804B-485A-8306-1DD2EE4527BD} = {EE53232C-F7C0-4B0C-BBB2-3438B6A0BD80}
		{F7A2A4A6-7A52-4E70-A494-B892513DB703} = {EE53232C-F7C0-4B0C-BBB2-3438B6A0BD80}
		{94CE5222-474E-4ED5-936B-2FFE6380E1D7} = {291FB4C4-5DF1-4848-A169-08F3F60074BA}
		{F5702693-C32F-4FB3-8083-0D5F54427BEE} = {55B7F1C3-3F55-47BE-8215-9A112457E62F}
		{E776C4EF-BCA6-42A5-92AB-7650515387E7} = {55B7F1C3-3F55-47BE-8215-9A112457E62F}
		{D4D04F3A-5E9B-4F23-8F1F-F67FDE39240B} = {B9A85871-29EF-4DC9-ACBB-BDD1F46A43DF}
		{DC104D39-0CA8-4C6B-A40A-C7402C4DA77F} = {F52BD86F-024C-494A-A8B5-EC22031B2523}
		{6876846A-6C5F-4982-8D94-DA10FC6006DD} = {F52BD86F-024C-494A-A8B5-EC22031B2523}
		{F2332B56-16CC-44F3-AC6E-DFEF8099476A} = {358C7B7C-804B-485A-8306-1DD2EE4527BD}
		{337F7E8D-3EBF-49BF-8229-000C1E357665} = {358C7B7C-804B-485A-8306-1DD2EE4527BD}
		{67A3CE73-C264-4780-A6FB-5EECB6257AEB} = {F7A2A4A6-7A52-4E70-A494-B892513DB703}
		{3B0ED081-8BFB-4A55-8463-651C84326CF5} = {21CA31A2-6750-4D68-BE6F-8AE513E7270D}
		{935ACFC0-100C-4F00-BB24-80A7E11EC150} = {21CA31A2-6750-4D68-BE6F-8AE513E7270D}
		{1F0F2D34-9A0E-46F6-9D8E-1E185E30044D} = {21CA31A2-6750-4D68-BE6F-8AE513E7270D}
		{6A88D6CA-E015-49ED-B60A-C06C19D049BB} = {21CA31A2-6750-4D68-BE6F-8AE513E7270D}
		{9E684DD1-2B6D-40A9-9369-4F29C40231B3} = {21CA31A2-6750-4D68-BE6F-8AE513E7270D}
		{156253BD-AF09-440C-B942-595582D8A591} = {94CE5222-474E-4ED5-936B-2FFE6380E1D7}
		{E2E51445-C527-4C9E-A231-DFFFD7249FC9} = {291FB4C4-5DF1-4848-A169-08F3F60074BA}
	EndGlobalSection
	GlobalSection(ProjectConfigurationPlatforms) = postSolution
		{CAA51C2A-6E88-42DB-B3F4-2980336E27B0}.Debug|Any CPU.ActiveCfg = Debug|Any CPU
		{CAA51C2A-6E88-42DB-B3F4-2980336E27B0}.Debug|Any CPU.Build.0 = Debug|Any CPU
		{CAA51C2A-6E88-42DB-B3F4-2980336E27B0}.Release|Any CPU.ActiveCfg = Release|Any CPU
		{CAA51C2A-6E88-42DB-B3F4-2980336E27B0}.Release|Any CPU.Build.0 = Release|Any CPU
		{458160FF-9340-4650-8881-91F62C2EF55D}.Debug|Any CPU.ActiveCfg = Debug|Any CPU
		{458160FF-9340-4650-8881-91F62C2EF55D}.Debug|Any CPU.Build.0 = Debug|Any CPU
		{458160FF-9340-4650-8881-91F62C2EF55D}.Release|Any CPU.ActiveCfg = Release|Any CPU
		{458160FF-9340-4650-8881-91F62C2EF55D}.Release|Any CPU.Build.0 = Release|Any CPU
		{9980F0EB-B70E-4229-A56F-E1423942207E}.Debug|Any CPU.ActiveCfg = Debug|Any CPU
		{9980F0EB-B70E-4229-A56F-E1423942207E}.Debug|Any CPU.Build.0 = Debug|Any CPU
		{9980F0EB-B70E-4229-A56F-E1423942207E}.Release|Any CPU.ActiveCfg = Release|Any CPU
		{9980F0EB-B70E-4229-A56F-E1423942207E}.Release|Any CPU.Build.0 = Release|Any CPU
		{F5702693-C32F-4FB3-8083-0D5F54427BEE}.Debug|Any CPU.ActiveCfg = Debug|Any CPU
		{F5702693-C32F-4FB3-8083-0D5F54427BEE}.Debug|Any CPU.Build.0 = Debug|Any CPU
		{F5702693-C32F-4FB3-8083-0D5F54427BEE}.Release|Any CPU.ActiveCfg = Release|Any CPU
		{F5702693-C32F-4FB3-8083-0D5F54427BEE}.Release|Any CPU.Build.0 = Release|Any CPU
		{E776C4EF-BCA6-42A5-92AB-7650515387E7}.Debug|Any CPU.ActiveCfg = Debug|Any CPU
		{E776C4EF-BCA6-42A5-92AB-7650515387E7}.Debug|Any CPU.Build.0 = Debug|Any CPU
		{E776C4EF-BCA6-42A5-92AB-7650515387E7}.Release|Any CPU.ActiveCfg = Release|Any CPU
		{E776C4EF-BCA6-42A5-92AB-7650515387E7}.Release|Any CPU.Build.0 = Release|Any CPU
		{D4D04F3A-5E9B-4F23-8F1F-F67FDE39240B}.Debug|Any CPU.ActiveCfg = Debug|Any CPU
		{D4D04F3A-5E9B-4F23-8F1F-F67FDE39240B}.Debug|Any CPU.Build.0 = Debug|Any CPU
		{D4D04F3A-5E9B-4F23-8F1F-F67FDE39240B}.Release|Any CPU.ActiveCfg = Release|Any CPU
		{D4D04F3A-5E9B-4F23-8F1F-F67FDE39240B}.Release|Any CPU.Build.0 = Release|Any CPU
		{DC104D39-0CA8-4C6B-A40A-C7402C4DA77F}.Debug|Any CPU.ActiveCfg = Debug|Any CPU
		{DC104D39-0CA8-4C6B-A40A-C7402C4DA77F}.Debug|Any CPU.Build.0 = Debug|Any CPU
		{DC104D39-0CA8-4C6B-A40A-C7402C4DA77F}.Release|Any CPU.ActiveCfg = Release|Any CPU
		{DC104D39-0CA8-4C6B-A40A-C7402C4DA77F}.Release|Any CPU.Build.0 = Release|Any CPU
		{6876846A-6C5F-4982-8D94-DA10FC6006DD}.Debug|Any CPU.ActiveCfg = Debug|Any CPU
		{6876846A-6C5F-4982-8D94-DA10FC6006DD}.Debug|Any CPU.Build.0 = Debug|Any CPU
		{6876846A-6C5F-4982-8D94-DA10FC6006DD}.Release|Any CPU.ActiveCfg = Release|Any CPU
		{6876846A-6C5F-4982-8D94-DA10FC6006DD}.Release|Any CPU.Build.0 = Release|Any CPU
		{F2332B56-16CC-44F3-AC6E-DFEF8099476A}.Debug|Any CPU.ActiveCfg = Debug|Any CPU
		{F2332B56-16CC-44F3-AC6E-DFEF8099476A}.Debug|Any CPU.Build.0 = Debug|Any CPU
		{F2332B56-16CC-44F3-AC6E-DFEF8099476A}.Release|Any CPU.ActiveCfg = Release|Any CPU
		{F2332B56-16CC-44F3-AC6E-DFEF8099476A}.Release|Any CPU.Build.0 = Release|Any CPU
		{337F7E8D-3EBF-49BF-8229-000C1E357665}.Debug|Any CPU.ActiveCfg = Debug|Any CPU
		{337F7E8D-3EBF-49BF-8229-000C1E357665}.Debug|Any CPU.Build.0 = Debug|Any CPU
		{337F7E8D-3EBF-49BF-8229-000C1E357665}.Release|Any CPU.ActiveCfg = Release|Any CPU
		{337F7E8D-3EBF-49BF-8229-000C1E357665}.Release|Any CPU.Build.0 = Release|Any CPU
		{67A3CE73-C264-4780-A6FB-5EECB6257AEB}.Debug|Any CPU.ActiveCfg = Debug|Any CPU
		{67A3CE73-C264-4780-A6FB-5EECB6257AEB}.Debug|Any CPU.Build.0 = Debug|Any CPU
		{67A3CE73-C264-4780-A6FB-5EECB6257AEB}.Release|Any CPU.ActiveCfg = Release|Any CPU
		{67A3CE73-C264-4780-A6FB-5EECB6257AEB}.Release|Any CPU.Build.0 = Release|Any CPU
		{3B0ED081-8BFB-4A55-8463-651C84326CF5}.Debug|Any CPU.ActiveCfg = Debug|Any CPU
		{3B0ED081-8BFB-4A55-8463-651C84326CF5}.Debug|Any CPU.Build.0 = Debug|Any CPU
		{3B0ED081-8BFB-4A55-8463-651C84326CF5}.Release|Any CPU.ActiveCfg = Release|Any CPU
		{3B0ED081-8BFB-4A55-8463-651C84326CF5}.Release|Any CPU.Build.0 = Release|Any CPU
		{935ACFC0-100C-4F00-BB24-80A7E11EC150}.Debug|Any CPU.ActiveCfg = Debug|Any CPU
		{935ACFC0-100C-4F00-BB24-80A7E11EC150}.Debug|Any CPU.Build.0 = Debug|Any CPU
		{935ACFC0-100C-4F00-BB24-80A7E11EC150}.Release|Any CPU.ActiveCfg = Release|Any CPU
		{935ACFC0-100C-4F00-BB24-80A7E11EC150}.Release|Any CPU.Build.0 = Release|Any CPU
		{1F0F2D34-9A0E-46F6-9D8E-1E185E30044D}.Debug|Any CPU.ActiveCfg = Debug|Any CPU
		{1F0F2D34-9A0E-46F6-9D8E-1E185E30044D}.Debug|Any CPU.Build.0 = Debug|Any CPU
		{1F0F2D34-9A0E-46F6-9D8E-1E185E30044D}.Release|Any CPU.ActiveCfg = Release|Any CPU
		{1F0F2D34-9A0E-46F6-9D8E-1E185E30044D}.Release|Any CPU.Build.0 = Release|Any CPU
		{6A88D6CA-E015-49ED-B60A-C06C19D049BB}.Debug|Any CPU.ActiveCfg = Debug|Any CPU
		{6A88D6CA-E015-49ED-B60A-C06C19D049BB}.Debug|Any CPU.Build.0 = Debug|Any CPU
		{6A88D6CA-E015-49ED-B60A-C06C19D049BB}.Release|Any CPU.ActiveCfg = Release|Any CPU
		{6A88D6CA-E015-49ED-B60A-C06C19D049BB}.Release|Any CPU.Build.0 = Release|Any CPU
		{9E684DD1-2B6D-40A9-9369-4F29C40231B3}.Debug|Any CPU.ActiveCfg = Debug|Any CPU
		{9E684DD1-2B6D-40A9-9369-4F29C40231B3}.Debug|Any CPU.Build.0 = Debug|Any CPU
		{9E684DD1-2B6D-40A9-9369-4F29C40231B3}.Release|Any CPU.ActiveCfg = Release|Any CPU
		{9E684DD1-2B6D-40A9-9369-4F29C40231B3}.Release|Any CPU.Build.0 = Release|Any CPU
		{156253BD-AF09-440C-B942-595582D8A591}.Debug|Any CPU.ActiveCfg = Debug|Any CPU
		{156253BD-AF09-440C-B942-595582D8A591}.Debug|Any CPU.Build.0 = Debug|Any CPU
		{156253BD-AF09-440C-B942-595582D8A591}.Release|Any CPU.ActiveCfg = Release|Any CPU
		{156253BD-AF09-440C-B942-595582D8A591}.Release|Any CPU.Build.0 = Release|Any CPU
		{E2E51445-C527-4C9E-A231-DFFFD7249FC9}.Debug|Any CPU.ActiveCfg = Debug|Any CPU
		{E2E51445-C527-4C9E-A231-DFFFD7249FC9}.Debug|Any CPU.Build.0 = Debug|Any CPU
		{E2E51445-C527-4C9E-A231-DFFFD7249FC9}.Release|Any CPU.ActiveCfg = Release|Any CPU
		{E2E51445-C527-4C9E-A231-DFFFD7249FC9}.Release|Any CPU.Build.0 = Release|Any CPU
	EndGlobalSection
EndGlobal
