
Microsoft Visual Studio Solution File, Format Version 12.00
Project("{2150E333-8FDC-42A3-9474-1A3956D46DE8}") = "Shared", "Shared", "{6EF41A0D-4DC4-4B45-8CDB-01699CD8AA2C}"
EndProject
Project("{2150E333-8FDC-42A3-9474-1A3956D46DE8}") = "Src", "Src", "{5C4B27EE-81F6-4094-879B-A5206F747F5D}"
EndProject
Project("{FAE04EC0-301F-11D3-BF4B-00C04F79EFBC}") = "EShop.Shared", "EShop.Shared\EShop.Shared.csproj", "{CAA51C2A-6E88-42DB-B3F4-2980336E27B0}"
EndProject
Project("{2150E333-8FDC-42A3-9474-1A3956D46DE8}") = "Catalog.Service", "Catalog.Service", "{A78E3ED5-86AE-44F6-8334-AFBA3F81F069}"
EndProject
Project("{2150E333-8FDC-42A3-9474-1A3956D46DE8}") = "Basket.Service", "Basket.Service", "{EE53232C-F7C0-4B0C-BBB2-3438B6A0BD80}"
EndProject
Project("{2150E333-8FDC-42A3-9474-1A3956D46DE8}") = "Order.Service", "Order.Service", "{21CA31A2-6750-4D68-BE6F-8AE513E7270D}"
EndProject
Project("{2150E333-8FDC-42A3-9474-1A3956D46DE8}") = "Payment.Service", "Payment.Service", "{291FB4C4-5DF1-4848-A169-08F3F60074BA}"
EndProject
Project("{2150E333-8FDC-42A3-9474-1A3956D46DE8}") = "Core", "Core", "{E2EE95B1-FFD2-4A0F-AF12-D76AB83339FF}"
EndProject
Project("{FAE04EC0-301F-11D3-BF4B-00C04F79EFBC}") = "Catalog.Domain", "Catalog.Domain\Catalog.Domain.csproj", "{458160FF-9340-4650-8881-91F62C2EF55D}"
EndProject
Project("{FAE04EC0-301F-11D3-BF4B-00C04F79EFBC}") = "Catalog.Application", "Catalog.Application\Catalog.Application.csproj", "{9980F0EB-B70E-4229-A56F-E1423942207E}"
EndProject
Project("{2150E333-8FDC-42A3-9474-1A3956D46DE8}") = "Infrastructure", "Infrastructure", "{55B7F1C3-3F55-47BE-8215-9A112457E62F}"
EndProject
Project("{2150E333-8FDC-42A3-9474-1A3956D46DE8}") = "Presentation", "Presentation", "{B9A85871-29EF-4DC9-ACBB-BDD1F46A43DF}"
EndProject
Project("{2150E333-8FDC-42A3-9474-1A3956D46DE8}") = "Core", "Core", "{F52BD86F-024C-494A-A8B5-EC22031B2523}"
EndProject
Project("{2150E333-8FDC-42A3-9474-1A3956D46DE8}") = "Infrastructure", "Infrastructure", "{358C7B7C-804B-485A-8306-1DD2EE4527BD}"
EndProject
Project("{2150E333-8FDC-42A3-9474-1A3956D46DE8}") = "Presentation", "Presentation", "{F7A2A4A6-7A52-4E70-A494-B892513DB703}"
EndProject
Project("{2150E333-8FDC-42A3-9474-1A3956D46DE8}") = "Core", "Core", "{44DA9AC8-172C-4A28-A074-56C941EB4F09}"
EndProject
Project("{2150E333-8FDC-42A3-9474-1A3956D46DE8}") = "Infrastructure", "Infrastructure", "{E2CD9D13-41FF-4732-8AB5-FC267F508219}"
EndProject
Project("{2150E333-8FDC-42A3-9474-1A3956D46DE8}") = "Prensentation", "Prensentation", "{84C424F7-E5F0-4241-B366-F124C0457622}"
EndProject
Project("{2150E333-8FDC-42A3-9474-1A3956D46DE8}") = "Core", "Core", "{BB447589-5B8A-451D-9530-931C7B4F3CF0}"
EndProject
Project("{2150E333-8FDC-42A3-9474-1A3956D46DE8}") = "Infrastructure", "Infrastructure", "{E4DBE1A8-CD94-4C90-A3FC-7249468C35A3}"
EndProject
Project("{2150E333-8FDC-42A3-9474-1A3956D46DE8}") = "Presentation", "Presentation", "{94CE5222-474E-4ED5-936B-2FFE6380E1D7}"
EndProject
Project("{FAE04EC0-301F-11D3-BF4B-00C04F79EFBC}") = "Catalog.Persistence", "Catalog.Persistence\Catalog.Persistence.csproj", "{F5702693-C32F-4FB3-8083-0D5F54427BEE}"
EndProject
Project("{FAE04EC0-301F-11D3-BF4B-00C04F79EFBC}") = "Catalog.Infrastructure", "Catalog.Infrastructure\Catalog.Infrastructure.csproj", "{E776C4EF-BCA6-42A5-92AB-7650515387E7}"
EndProject
Project("{FAE04EC0-301F-11D3-BF4B-00C04F79EFBC}") = "Catalog.Apii", "Catalog.Apii\Catalog.Apii.csproj", "{D4D04F3A-5E9B-4F23-8F1F-F67FDE39240B}"
EndProject
Project("{FAE04EC0-301F-11D3-BF4B-00C04F79EFBC}") = "Basket.Domain", "Basket.Domain\Basket.Domain.csproj", "{DC104D39-0CA8-4C6B-A40A-C7402C4DA77F}"
EndProject
Project("{FAE04EC0-301F-11D3-BF4B-00C04F79EFBC}") = "Basket.Application", "Basket.Application\Basket.Application.csproj", "{6876846A-6C5F-4982-8D94-DA10FC6006DD}"
EndProject
Project("{FAE04EC0-301F-11D3-BF4B-00C04F79EFBC}") = "Basket.Infrastructure", "Basket.Infrastructure\Basket.Infrastructure.csproj", "{F2332B56-16CC-44F3-AC6E-DFEF8099476A}"
EndProject
Project("{FAE04EC0-301F-11D3-BF4B-00C04F79EFBC}") = "Basket.Persistence", "Basket.Persistence\Basket.Persistence.csproj", "{337F7E8D-3EBF-49BF-8229-000C1E357665}"
EndProject
Project("{FAE04EC0-301F-11D3-BF4B-00C04F79EFBC}") = "Basket.Api", "Basket.Api\Basket.Api.csproj", "{67A3CE73-C264-4780-A6FB-5EECB6257AEB}"
EndProject
Global
	GlobalSection(SolutionConfigurationPlatforms) = preSolution
		Debug|Any CPU = Debug|Any CPU
		Release|Any CPU = Release|Any CPU
	EndGlobalSection
	GlobalSection(NestedProjects) = preSolution
		{CAA51C2A-6E88-42DB-B3F4-2980336E27B0} = {6EF41A0D-4DC4-4B45-8CDB-01699CD8AA2C}
		{A78E3ED5-86AE-44F6-8334-AFBA3F81F069} = {5C4B27EE-81F6-4094-879B-A5206F747F5D}
		{EE53232C-F7C0-4B0C-BBB2-3438B6A0BD80} = {5C4B27EE-81F6-4094-879B-A5206F747F5D}
		{21CA31A2-6750-4D68-BE6F-8AE513E7270D} = {5C4B27EE-81F6-4094-879B-A5206F747F5D}
		{291FB4C4-5DF1-4848-A169-08F3F60074BA} = {5C4B27EE-81F6-4094-879B-A5206F747F5D}
		{E2EE95B1-FFD2-4A0F-AF12-D76AB83339FF} = {A78E3ED5-86AE-44F6-8334-AFBA3F81F069}
		{458160FF-9340-4650-8881-91F62C2EF55D} = {E2EE95B1-FFD2-4A0F-AF12-D76AB83339FF}
		{9980F0EB-B70E-4229-A56F-E1423942207E} = {E2EE95B1-FFD2-4A0F-AF12-D76AB83339FF}
		{55B7F1C3-3F55-47BE-8215-9A112457E62F} = {A78E3ED5-86AE-44F6-8334-AFBA3F81F069}
		{B9A85871-29EF-4DC9-ACBB-BDD1F46A43DF} = {A78E3ED5-86AE-44F6-8334-AFBA3F81F069}
		{F52BD86F-024C-494A-A8B5-EC22031B2523} = {EE53232C-F7C0-4B0C-BBB2-3438B6A0BD80}
		{358C7B7C-804B-485A-8306-1DD2EE4527BD} = {EE53232C-F7C0-4B0C-BBB2-3438B6A0BD80}
		{F7A2A4A6-7A52-4E70-A494-B892513DB703} = {EE53232C-F7C0-4B0C-BBB2-3438B6A0BD80}
		{44DA9AC8-172C-4A28-A074-56C941EB4F09} = {21CA31A2-6750-4D68-BE6F-8AE513E7270D}
		{E2CD9D13-41FF-4732-8AB5-FC267F508219} = {21CA31A2-6750-4D68-BE6F-8AE513E7270D}
		{84C424F7-E5F0-4241-B366-F124C0457622} = {21CA31A2-6750-4D68-BE6F-8AE513E7270D}
		{BB447589-5B8A-451D-9530-931C7B4F3CF0} = {291FB4C4-5DF1-4848-A169-08F3F60074BA}
		{E4DBE1A8-CD94-4C90-A3FC-7249468C35A3} = {291FB4C4-5DF1-4848-A169-08F3F60074BA}
		{94CE5222-474E-4ED5-936B-2FFE6380E1D7} = {291FB4C4-5DF1-4848-A169-08F3F60074BA}
		{F5702693-C32F-4FB3-8083-0D5F54427BEE} = {55B7F1C3-3F55-47BE-8215-9A112457E62F}
		{E776C4EF-BCA6-42A5-92AB-7650515387E7} = {55B7F1C3-3F55-47BE-8215-9A112457E62F}
		{D4D04F3A-5E9B-4F23-8F1F-F67FDE39240B} = {B9A85871-29EF-4DC9-ACBB-BDD1F46A43DF}
		{DC104D39-0CA8-4C6B-A40A-C7402C4DA77F} = {F52BD86F-024C-494A-A8B5-EC22031B2523}
		{6876846A-6C5F-4982-8D94-DA10FC6006DD} = {F52BD86F-024C-494A-A8B5-EC22031B2523}
		{F2332B56-16CC-44F3-AC6E-DFEF8099476A} = {358C7B7C-804B-485A-8306-1DD2EE4527BD}
		{337F7E8D-3EBF-49BF-8229-000C1E357665} = {358C7B7C-804B-485A-8306-1DD2EE4527BD}
		{67A3CE73-C264-4780-A6FB-5EECB6257AEB} = {F7A2A4A6-7A52-4E70-A494-B892513DB703}
	EndGlobalSection
	GlobalSection(ProjectConfigurationPlatforms) = postSolution
		{CAA51C2A-6E88-42DB-B3F4-2980336E27B0}.Debug|Any CPU.ActiveCfg = Debug|Any CPU
		{CAA51C2A-6E88-42DB-B3F4-2980336E27B0}.Debug|Any CPU.Build.0 = Debug|Any CPU
		{CAA51C2A-6E88-42DB-B3F4-2980336E27B0}.Release|Any CPU.ActiveCfg = Release|Any CPU
		{CAA51C2A-6E88-42DB-B3F4-2980336E27B0}.Release|Any CPU.Build.0 = Release|Any CPU
		{458160FF-9340-4650-8881-91F62C2EF55D}.Debug|Any CPU.ActiveCfg = Debug|Any CPU
		{458160FF-9340-4650-8881-91F62C2EF55D}.Debug|Any CPU.Build.0 = Debug|Any CPU
		{458160FF-9340-4650-8881-91F62C2EF55D}.Release|Any CPU.ActiveCfg = Release|Any CPU
		{458160FF-9340-4650-8881-91F62C2EF55D}.Release|Any CPU.Build.0 = Release|Any CPU
		{9980F0EB-B70E-4229-A56F-E1423942207E}.Debug|Any CPU.ActiveCfg = Debug|Any CPU
		{9980F0EB-B70E-4229-A56F-E1423942207E}.Debug|Any CPU.Build.0 = Debug|Any CPU
		{9980F0EB-B70E-4229-A56F-E1423942207E}.Release|Any CPU.ActiveCfg = Release|Any CPU
		{9980F0EB-B70E-4229-A56F-E1423942207E}.Release|Any CPU.Build.0 = Release|Any CPU
		{F5702693-C32F-4FB3-8083-0D5F54427BEE}.Debug|Any CPU.ActiveCfg = Debug|Any CPU
		{F5702693-C32F-4FB3-8083-0D5F54427BEE}.Debug|Any CPU.Build.0 = Debug|Any CPU
		{F5702693-C32F-4FB3-8083-0D5F54427BEE}.Release|Any CPU.ActiveCfg = Release|Any CPU
		{F5702693-C32F-4FB3-8083-0D5F54427BEE}.Release|Any CPU.Build.0 = Release|Any CPU
		{E776C4EF-BCA6-42A5-92AB-7650515387E7}.Debug|Any CPU.ActiveCfg = Debug|Any CPU
		{E776C4EF-BCA6-42A5-92AB-7650515387E7}.Debug|Any CPU.Build.0 = Debug|Any CPU
		{E776C4EF-BCA6-42A5-92AB-7650515387E7}.Release|Any CPU.ActiveCfg = Release|Any CPU
		{E776C4EF-BCA6-42A5-92AB-7650515387E7}.Release|Any CPU.Build.0 = Release|Any CPU
		{D4D04F3A-5E9B-4F23-8F1F-F67FDE39240B}.Debug|Any CPU.ActiveCfg = Debug|Any CPU
		{D4D04F3A-5E9B-4F23-8F1F-F67FDE39240B}.Debug|Any CPU.Build.0 = Debug|Any CPU
		{D4D04F3A-5E9B-4F23-8F1F-F67FDE39240B}.Release|Any CPU.ActiveCfg = Release|Any CPU
		{D4D04F3A-5E9B-4F23-8F1F-F67FDE39240B}.Release|Any CPU.Build.0 = Release|Any CPU
		{DC104D39-0CA8-4C6B-A40A-C7402C4DA77F}.Debug|Any CPU.ActiveCfg = Debug|Any CPU
		{DC104D39-0CA8-4C6B-A40A-C7402C4DA77F}.Debug|Any CPU.Build.0 = Debug|Any CPU
		{DC104D39-0CA8-4C6B-A40A-C7402C4DA77F}.Release|Any CPU.ActiveCfg = Release|Any CPU
		{DC104D39-0CA8-4C6B-A40A-C7402C4DA77F}.Release|Any CPU.Build.0 = Release|Any CPU
		{6876846A-6C5F-4982-8D94-DA10FC6006DD}.Debug|Any CPU.ActiveCfg = Debug|Any CPU
		{6876846A-6C5F-4982-8D94-DA10FC6006DD}.Debug|Any CPU.Build.0 = Debug|Any CPU
		{6876846A-6C5F-4982-8D94-DA10FC6006DD}.Release|Any CPU.ActiveCfg = Release|Any CPU
		{6876846A-6C5F-4982-8D94-DA10FC6006DD}.Release|Any CPU.Build.0 = Release|Any CPU
		{F2332B56-16CC-44F3-AC6E-DFEF8099476A}.Debug|Any CPU.ActiveCfg = Debug|Any CPU
		{F2332B56-16CC-44F3-AC6E-DFEF8099476A}.Debug|Any CPU.Build.0 = Debug|Any CPU
		{F2332B56-16CC-44F3-AC6E-DFEF8099476A}.Release|Any CPU.ActiveCfg = Release|Any CPU
		{F2332B56-16CC-44F3-AC6E-DFEF8099476A}.Release|Any CPU.Build.0 = Release|Any CPU
		{337F7E8D-3EBF-49BF-8229-000C1E357665}.Debug|Any CPU.ActiveCfg = Debug|Any CPU
		{337F7E8D-3EBF-49BF-8229-000C1E357665}.Debug|Any CPU.Build.0 = Debug|Any CPU
		{337F7E8D-3EBF-49BF-8229-000C1E357665}.Release|Any CPU.ActiveCfg = Release|Any CPU
		{337F7E8D-3EBF-49BF-8229-000C1E357665}.Release|Any CPU.Build.0 = Release|Any CPU
		{67A3CE73-C264-4780-A6FB-5EECB6257AEB}.Debug|Any CPU.ActiveCfg = Debug|Any CPU
		{67A3CE73-C264-4780-A6FB-5EECB6257AEB}.Debug|Any CPU.Build.0 = Debug|Any CPU
		{67A3CE73-C264-4780-A6FB-5EECB6257AEB}.Release|Any CPU.ActiveCfg = Release|Any CPU
		{67A3CE73-C264-4780-A6FB-5EECB6257AEB}.Release|Any CPU.Build.0 = Release|Any CPU
	EndGlobalSection
EndGlobal
